// !$*UTF8*$!
{
	archiveVersion = 1;
	classes = {
	};
	objectVersion = 48;
	objects = {

/* Begin PBXBuildFile section */
		7CDD10901FF00CB9008D7466 /* AppDelegate.swift in Sources */ = {isa = PBXBuildFile; fileRef = 7CDD108F1FF00CB9008D7466 /* AppDelegate.swift */; };
		7CDD10921FF00CB9008D7466 /* ViewController.swift in Sources */ = {isa = PBXBuildFile; fileRef = 7CDD10911FF00CB9008D7466 /* ViewController.swift */; };
		7CDD10951FF00CB9008D7466 /* Main.storyboard in Resources */ = {isa = PBXBuildFile; fileRef = 7CDD10931FF00CB9008D7466 /* Main.storyboard */; };
		7CDD10971FF00CB9008D7466 /* Assets.xcassets in Resources */ = {isa = PBXBuildFile; fileRef = 7CDD10961FF00CB9008D7466 /* Assets.xcassets */; };
		7CDD109A1FF00CB9008D7466 /* LaunchScreen.storyboard in Resources */ = {isa = PBXBuildFile; fileRef = 7CDD10981FF00CB9008D7466 /* LaunchScreen.storyboard */; };
		7CDD10A51FF00CB9008D7466 /* PhotoramaTests.swift in Sources */ = {isa = PBXBuildFile; fileRef = 7CDD10A41FF00CB9008D7466 /* PhotoramaTests.swift */; };
		7CDD10B01FF00CB9008D7466 /* PhotoramaUITests.swift in Sources */ = {isa = PBXBuildFile; fileRef = 7CDD10AF1FF00CB9008D7466 /* PhotoramaUITests.swift */; };
/* End PBXBuildFile section */

/* Begin PBXContainerItemProxy section */
		7CDD10A11FF00CB9008D7466 /* PBXContainerItemProxy */ = {
			isa = PBXContainerItemProxy;
			containerPortal = 7CDD10841FF00CB9008D7466 /* Project object */;
			proxyType = 1;
			remoteGlobalIDString = 7CDD108B1FF00CB9008D7466;
			remoteInfo = Photorama;
		};
		7CDD10AC1FF00CB9008D7466 /* PBXContainerItemProxy */ = {
			isa = PBXContainerItemProxy;
			containerPortal = 7CDD10841FF00CB9008D7466 /* Project object */;
			proxyType = 1;
			remoteGlobalIDString = 7CDD108B1FF00CB9008D7466;
			remoteInfo = Photorama;
		};
/* End PBXContainerItemProxy section */

/* Begin PBXFileReference section */
		7CDD108C1FF00CB9008D7466 /* Photorama.app */ = {isa = PBXFileReference; explicitFileType = wrapper.application; includeInIndex = 0; path = Photorama.app; sourceTree = BUILT_PRODUCTS_DIR; };
		7CDD108F1FF00CB9008D7466 /* AppDelegate.swift */ = {isa = PBXFileReference; lastKnownFileType = sourcecode.swift; path = AppDelegate.swift; sourceTree = "<group>"; };
		7CDD10911FF00CB9008D7466 /* ViewController.swift */ = {isa = PBXFileReference; lastKnownFileType = sourcecode.swift; path = ViewController.swift; sourceTree = "<group>"; };
		7CDD10941FF00CB9008D7466 /* Base */ = {isa = PBXFileReference; lastKnownFileType = file.storyboard; name = Base; path = Base.lproj/Main.storyboard; sourceTree = "<group>"; };
		7CDD10961FF00CB9008D7466 /* Assets.xcassets */ = {isa = PBXFileReference; lastKnownFileType = folder.assetcatalog; path = Assets.xcassets; sourceTree = "<group>"; };
		7CDD10991FF00CB9008D7466 /* Base */ = {isa = PBXFileReference; lastKnownFileType = file.storyboard; name = Base; path = Base.lproj/LaunchScreen.storyboard; sourceTree = "<group>"; };
		7CDD109B1FF00CB9008D7466 /* Info.plist */ = {isa = PBXFileReference; lastKnownFileType = text.plist.xml; path = Info.plist; sourceTree = "<group>"; };
		7CDD10A01FF00CB9008D7466 /* PhotoramaTests.xctest */ = {isa = PBXFileReference; explicitFileType = wrapper.cfbundle; includeInIndex = 0; path = PhotoramaTests.xctest; sourceTree = BUILT_PRODUCTS_DIR; };
		7CDD10A41FF00CB9008D7466 /* PhotoramaTests.swift */ = {isa = PBXFileReference; lastKnownFileType = sourcecode.swift; path = PhotoramaTests.swift; sourceTree = "<group>"; };
		7CDD10A61FF00CB9008D7466 /* Info.plist */ = {isa = PBXFileReference; lastKnownFileType = text.plist.xml; path = Info.plist; sourceTree = "<group>"; };
		7CDD10AB1FF00CB9008D7466 /* PhotoramaUITests.xctest */ = {isa = PBXFileReference; explicitFileType = wrapper.cfbundle; includeInIndex = 0; path = PhotoramaUITests.xctest; sourceTree = BUILT_PRODUCTS_DIR; };
		7CDD10AF1FF00CB9008D7466 /* PhotoramaUITests.swift */ = {isa = PBXFileReference; lastKnownFileType = sourcecode.swift; path = PhotoramaUITests.swift; sourceTree = "<group>"; };
		7CDD10B11FF00CB9008D7466 /* Info.plist */ = {isa = PBXFileReference; lastKnownFileType = text.plist.xml; path = Info.plist; sourceTree = "<group>"; };
/* End PBXFileReference section */

/* Begin PBXFrameworksBuildPhase section */
		7CDD10891FF00CB9008D7466 /* Frameworks */ = {
			isa = PBXFrameworksBuildPhase;
			buildActionMask = 2147483647;
			files = (
			);
			runOnlyForDeploymentPostprocessing = 0;
		};
		7CDD109D1FF00CB9008D7466 /* Frameworks */ = {
			isa = PBXFrameworksBuildPhase;
			buildActionMask = 2147483647;
			files = (
			);
			runOnlyForDeploymentPostprocessing = 0;
		};
		7CDD10A81FF00CB9008D7466 /* Frameworks */ = {
			isa = PBXFrameworksBuildPhase;
			buildActionMask = 2147483647;
			files = (
			);
			runOnlyForDeploymentPostprocessing = 0;
		};
/* End PBXFrameworksBuildPhase section */

/* Begin PBXGroup section */
		7CDD10831FF00CB9008D7466 = {
			isa = PBXGroup;
			children = (
				7CDD108E1FF00CB9008D7466 /* Photorama */,
				7CDD10A31FF00CB9008D7466 /* PhotoramaTests */,
				7CDD10AE1FF00CB9008D7466 /* PhotoramaUITests */,
				7CDD108D1FF00CB9008D7466 /* Products */,
			);
			sourceTree = "<group>";
		};
		7CDD108D1FF00CB9008D7466 /* Products */ = {
			isa = PBXGroup;
			children = (
				7CDD108C1FF00CB9008D7466 /* Photorama.app */,
				7CDD10A01FF00CB9008D7466 /* PhotoramaTests.xctest */,
				7CDD10AB1FF00CB9008D7466 /* PhotoramaUITests.xctest */,
			);
			name = Products;
			sourceTree = "<group>";
		};
		7CDD108E1FF00CB9008D7466 /* Photorama */ = {
			isa = PBXGroup;
			children = (
				7CDD108F1FF00CB9008D7466 /* AppDelegate.swift */,
				7CDD10911FF00CB9008D7466 /* ViewController.swift */,
				7CDD10931FF00CB9008D7466 /* Main.storyboard */,
				7CDD10961FF00CB9008D7466 /* Assets.xcassets */,
				7CDD10981FF00CB9008D7466 /* LaunchScreen.storyboard */,
				7CDD109B1FF00CB9008D7466 /* Info.plist */,
			);
			path = Photorama;
			sourceTree = "<group>";
		};
		7CDD10A31FF00CB9008D7466 /* PhotoramaTests */ = {
			isa = PBXGroup;
			children = (
				7CDD10A41FF00CB9008D7466 /* PhotoramaTests.swift */,
				7CDD10A61FF00CB9008D7466 /* Info.plist */,
			);
			path = PhotoramaTests;
			sourceTree = "<group>";
		};
		7CDD10AE1FF00CB9008D7466 /* PhotoramaUITests */ = {
			isa = PBXGroup;
			children = (
				7CDD10AF1FF00CB9008D7466 /* PhotoramaUITests.swift */,
				7CDD10B11FF00CB9008D7466 /* Info.plist */,
			);
			path = PhotoramaUITests;
			sourceTree = "<group>";
		};
/* End PBXGroup section */

/* Begin PBXNativeTarget section */
		7CDD108B1FF00CB9008D7466 /* Photorama */ = {
			isa = PBXNativeTarget;
			buildConfigurationList = 7CDD10B41FF00CB9008D7466 /* Build configuration list for PBXNativeTarget "Photorama" */;
			buildPhases = (
				7CDD10881FF00CB9008D7466 /* Sources */,
				7CDD10891FF00CB9008D7466 /* Frameworks */,
				7CDD108A1FF00CB9008D7466 /* Resources */,
			);
			buildRules = (
			);
			dependencies = (
			);
			name = Photorama;
			productName = Photorama;
			productReference = 7CDD108C1FF00CB9008D7466 /* Photorama.app */;
			productType = "com.apple.product-type.application";
		};
		7CDD109F1FF00CB9008D7466 /* PhotoramaTests */ = {
			isa = PBXNativeTarget;
			buildConfigurationList = 7CDD10B71FF00CB9008D7466 /* Build configuration list for PBXNativeTarget "PhotoramaTests" */;
			buildPhases = (
				7CDD109C1FF00CB9008D7466 /* Sources */,
				7CDD109D1FF00CB9008D7466 /* Frameworks */,
				7CDD109E1FF00CB9008D7466 /* Resources */,
			);
			buildRules = (
			);
			dependencies = (
				7CDD10A21FF00CB9008D7466 /* PBXTargetDependency */,
			);
			name = PhotoramaTests;
			productName = PhotoramaTests;
			productReference = 7CDD10A01FF00CB9008D7466 /* PhotoramaTests.xctest */;
			productType = "com.apple.product-type.bundle.unit-test";
		};
		7CDD10AA1FF00CB9008D7466 /* PhotoramaUITests */ = {
			isa = PBXNativeTarget;
			buildConfigurationList = 7CDD10BA1FF00CB9008D7466 /* Build configuration list for PBXNativeTarget "PhotoramaUITests" */;
			buildPhases = (
				7CDD10A71FF00CB9008D7466 /* Sources */,
				7CDD10A81FF00CB9008D7466 /* Frameworks */,
				7CDD10A91FF00CB9008D7466 /* Resources */,
			);
			buildRules = (
			);
			dependencies = (
				7CDD10AD1FF00CB9008D7466 /* PBXTargetDependency */,
			);
			name = PhotoramaUITests;
			productName = PhotoramaUITests;
			productReference = 7CDD10AB1FF00CB9008D7466 /* PhotoramaUITests.xctest */;
			productType = "com.apple.product-type.bundle.ui-testing";
		};
/* End PBXNativeTarget section */

/* Begin PBXProject section */
		7CDD10841FF00CB9008D7466 /* Project object */ = {
			isa = PBXProject;
			attributes = {
				LastSwiftUpdateCheck = 0910;
				LastUpgradeCheck = 0910;
				ORGANIZATIONNAME = "Roberto García";
				TargetAttributes = {
					7CDD108B1FF00CB9008D7466 = {
						CreatedOnToolsVersion = 9.1;
						ProvisioningStyle = Automatic;
					};
					7CDD109F1FF00CB9008D7466 = {
						CreatedOnToolsVersion = 9.1;
						ProvisioningStyle = Automatic;
						TestTargetID = 7CDD108B1FF00CB9008D7466;
					};
					7CDD10AA1FF00CB9008D7466 = {
						CreatedOnToolsVersion = 9.1;
						ProvisioningStyle = Automatic;
						TestTargetID = 7CDD108B1FF00CB9008D7466;
					};
				};
			};
			buildConfigurationList = 7CDD10871FF00CB9008D7466 /* Build configuration list for PBXProject "Photorama" */;
			compatibilityVersion = "Xcode 8.0";
			developmentRegion = en;
			hasScannedForEncodings = 0;
			knownRegions = (
				en,
				Base,
			);
			mainGroup = 7CDD10831FF00CB9008D7466;
			productRefGroup = 7CDD108D1FF00CB9008D7466 /* Products */;
			projectDirPath = "";
			projectRoot = "";
			targets = (
				7CDD108B1FF00CB9008D7466 /* Photorama */,
				7CDD109F1FF00CB9008D7466 /* PhotoramaTests */,
				7CDD10AA1FF00CB9008D7466 /* PhotoramaUITests */,
			);
		};
/* End PBXProject section */

/* Begin PBXResourcesBuildPhase section */
		7CDD108A1FF00CB9008D7466 /* Resources */ = {
			isa = PBXResourcesBuildPhase;
			buildActionMask = 2147483647;
			files = (
				7CDD109A1FF00CB9008D7466 /* LaunchScreen.storyboard in Resources */,
				7CDD10971FF00CB9008D7466 /* Assets.xcassets in Resources */,
				7CDD10951FF00CB9008D7466 /* Main.storyboard in Resources */,
			);
			runOnlyForDeploymentPostprocessing = 0;
		};
		7CDD109E1FF00CB9008D7466 /* Resources */ = {
			isa = PBXResourcesBuildPhase;
			buildActionMask = 2147483647;
			files = (
			);
			runOnlyForDeploymentPostprocessing = 0;
		};
		7CDD10A91FF00CB9008D7466 /* Resources */ = {
			isa = PBXResourcesBuildPhase;
			buildActionMask = 2147483647;
			files = (
			);
			runOnlyForDeploymentPostprocessing = 0;
		};
/* End PBXResourcesBuildPhase section */

/* Begin PBXSourcesBuildPhase section */
		7CDD10881FF00CB9008D7466 /* Sources */ = {
			isa = PBXSourcesBuildPhase;
			buildActionMask = 2147483647;
			files = (
				7CDD10921FF00CB9008D7466 /* ViewController.swift in Sources */,
				7CDD10901FF00CB9008D7466 /* AppDelegate.swift in Sources */,
			);
			runOnlyForDeploymentPostprocessing = 0;
		};
		7CDD109C1FF00CB9008D7466 /* Sources */ = {
			isa = PBXSourcesBuildPhase;
			buildActionMask = 2147483647;
			files = (
				7CDD10A51FF00CB9008D7466 /* PhotoramaTests.swift in Sources */,
			);
			runOnlyForDeploymentPostprocessing = 0;
		};
		7CDD10A71FF00CB9008D7466 /* Sources */ = {
			isa = PBXSourcesBuildPhase;
			buildActionMask = 2147483647;
			files = (
				7CDD10B01FF00CB9008D7466 /* PhotoramaUITests.swift in Sources */,
			);
			runOnlyForDeploymentPostprocessing = 0;
		};
/* End PBXSourcesBuildPhase section */

/* Begin PBXTargetDependency section */
		7CDD10A21FF00CB9008D7466 /* PBXTargetDependency */ = {
			isa = PBXTargetDependency;
			target = 7CDD108B1FF00CB9008D7466 /* Photorama */;
			targetProxy = 7CDD10A11FF00CB9008D7466 /* PBXContainerItemProxy */;
		};
		7CDD10AD1FF00CB9008D7466 /* PBXTargetDependency */ = {
			isa = PBXTargetDependency;
			target = 7CDD108B1FF00CB9008D7466 /* Photorama */;
			targetProxy = 7CDD10AC1FF00CB9008D7466 /* PBXContainerItemProxy */;
		};
/* End PBXTargetDependency section */

/* Begin PBXVariantGroup section */
		7CDD10931FF00CB9008D7466 /* Main.storyboard */ = {
			isa = PBXVariantGroup;
			children = (
				7CDD10941FF00CB9008D7466 /* Base */,
			);
			name = Main.storyboard;
			sourceTree = "<group>";
		};
		7CDD10981FF00CB9008D7466 /* LaunchScreen.storyboard */ = {
			isa = PBXVariantGroup;
			children = (
				7CDD10991FF00CB9008D7466 /* Base */,
			);
			name = LaunchScreen.storyboard;
			sourceTree = "<group>";
		};
/* End PBXVariantGroup section */

/* Begin XCBuildConfiguration section */
		7CDD10B21FF00CB9008D7466 /* Debug */ = {
			isa = XCBuildConfiguration;
			buildSettings = {
				ALWAYS_SEARCH_USER_PATHS = NO;
				CLANG_ANALYZER_NONNULL = YES;
				CLANG_ANALYZER_NUMBER_OBJECT_CONVERSION = YES_AGGRESSIVE;
				CLANG_CXX_LANGUAGE_STANDARD = "gnu++14";
				CLANG_CXX_LIBRARY = "libc++";
				CLANG_ENABLE_MODULES = YES;
				CLANG_ENABLE_OBJC_ARC = YES;
				CLANG_WARN_BLOCK_CAPTURE_AUTORELEASING = YES;
				CLANG_WARN_BOOL_CONVERSION = YES;
				CLANG_WARN_COMMA = YES;
				CLANG_WARN_CONSTANT_CONVERSION = YES;
				CLANG_WARN_DIRECT_OBJC_ISA_USAGE = YES_ERROR;
				CLANG_WARN_DOCUMENTATION_COMMENTS = YES;
				CLANG_WARN_EMPTY_BODY = YES;
				CLANG_WARN_ENUM_CONVERSION = YES;
				CLANG_WARN_INFINITE_RECURSION = YES;
				CLANG_WARN_INT_CONVERSION = YES;
				CLANG_WARN_NON_LITERAL_NULL_CONVERSION = YES;
				CLANG_WARN_OBJC_LITERAL_CONVERSION = YES;
				CLANG_WARN_OBJC_ROOT_CLASS = YES_ERROR;
				CLANG_WARN_RANGE_LOOP_ANALYSIS = YES;
				CLANG_WARN_STRICT_PROTOTYPES = YES;
				CLANG_WARN_SUSPICIOUS_MOVE = YES;
				CLANG_WARN_UNGUARDED_AVAILABILITY = YES_AGGRESSIVE;
				CLANG_WARN_UNREACHABLE_CODE = YES;
				CLANG_WARN__DUPLICATE_METHOD_MATCH = YES;
				CODE_SIGN_IDENTITY = "iPhone Developer";
				COPY_PHASE_STRIP = NO;
				DEBUG_INFORMATION_FORMAT = dwarf;
				ENABLE_STRICT_OBJC_MSGSEND = YES;
				ENABLE_TESTABILITY = YES;
				GCC_C_LANGUAGE_STANDARD = gnu11;
				GCC_DYNAMIC_NO_PIC = NO;
				GCC_NO_COMMON_BLOCKS = YES;
				GCC_OPTIMIZATION_LEVEL = 0;
				GCC_PREPROCESSOR_DEFINITIONS = (
					"DEBUG=1",
					"$(inherited)",
				);
				GCC_WARN_64_TO_32_BIT_CONVERSION = YES;
				GCC_WARN_ABOUT_RETURN_TYPE = YES_ERROR;
				GCC_WARN_UNDECLARED_SELECTOR = YES;
				GCC_WARN_UNINITIALIZED_AUTOS = YES_AGGRESSIVE;
				GCC_WARN_UNUSED_FUNCTION = YES;
				GCC_WARN_UNUSED_VARIABLE = YES;
				IPHONEOS_DEPLOYMENT_TARGET = 11.1;
				MTL_ENABLE_DEBUG_INFO = YES;
				ONLY_ACTIVE_ARCH = YES;
				SDKROOT = iphoneos;
				SWIFT_ACTIVE_COMPILATION_CONDITIONS = DEBUG;
				SWIFT_OPTIMIZATION_LEVEL = "-Onone";
			};
			name = Debug;
		};
		7CDD10B31FF00CB9008D7466 /* Release */ = {
			isa = XCBuildConfiguration;
			buildSettings = {
				ALWAYS_SEARCH_USER_PATHS = NO;
				CLANG_ANALYZER_NONNULL = YES;
				CLANG_ANALYZER_NUMBER_OBJECT_CONVERSION = YES_AGGRESSIVE;
				CLANG_CXX_LANGUAGE_STANDARD = "gnu++14";
				CLANG_CXX_LIBRARY = "libc++";
				CLANG_ENABLE_MODULES = YES;
				CLANG_ENABLE_OBJC_ARC = YES;
				CLANG_WARN_BLOCK_CAPTURE_AUTORELEASING = YES;
				CLANG_WARN_BOOL_CONVERSION = YES;
				CLANG_WARN_COMMA = YES;
				CLANG_WARN_CONSTANT_CONVERSION = YES;
				CLANG_WARN_DIRECT_OBJC_ISA_USAGE = YES_ERROR;
				CLANG_WARN_DOCUMENTATION_COMMENTS = YES;
				CLANG_WARN_EMPTY_BODY = YES;
				CLANG_WARN_ENUM_CONVERSION = YES;
				CLANG_WARN_INFINITE_RECURSION = YES;
				CLANG_WARN_INT_CONVERSION = YES;
				CLANG_WARN_NON_LITERAL_NULL_CONVERSION = YES;
				CLANG_WARN_OBJC_LITERAL_CONVERSION = YES;
				CLANG_WARN_OBJC_ROOT_CLASS = YES_ERROR;
				CLANG_WARN_RANGE_LOOP_ANALYSIS = YES;
				CLANG_WARN_STRICT_PROTOTYPES = YES;
				CLANG_WARN_SUSPICIOUS_MOVE = YES;
				CLANG_WARN_UNGUARDED_AVAILABILITY = YES_AGGRESSIVE;
				CLANG_WARN_UNREACHABLE_CODE = YES;
				CLANG_WARN__DUPLICATE_METHOD_MATCH = YES;
				CODE_SIGN_IDENTITY = "iPhone Developer";
				COPY_PHASE_STRIP = NO;
				DEBUG_INFORMATION_FORMAT = "dwarf-with-dsym";
				ENABLE_NS_ASSERTIONS = NO;
				ENABLE_STRICT_OBJC_MSGSEND = YES;
				GCC_C_LANGUAGE_STANDARD = gnu11;
				GCC_NO_COMMON_BLOCKS = YES;
				GCC_WARN_64_TO_32_BIT_CONVERSION = YES;
				GCC_WARN_ABOUT_RETURN_TYPE = YES_ERROR;
				GCC_WARN_UNDECLARED_SELECTOR = YES;
				GCC_WARN_UNINITIALIZED_AUTOS = YES_AGGRESSIVE;
				GCC_WARN_UNUSED_FUNCTION = YES;
				GCC_WARN_UNUSED_VARIABLE = YES;
				IPHONEOS_DEPLOYMENT_TARGET = 11.1;
				MTL_ENABLE_DEBUG_INFO = NO;
				SDKROOT = iphoneos;
				SWIFT_OPTIMIZATION_LEVEL = "-Owholemodule";
				VALIDATE_PRODUCT = YES;
			};
			name = Release;
		};
		7CDD10B51FF00CB9008D7466 /* Debug */ = {
			isa = XCBuildConfiguration;
			buildSettings = {
				ASSETCATALOG_COMPILER_APPICON_NAME = AppIcon;
				CODE_SIGN_STYLE = Automatic;
				DEVELOPMENT_TEAM = S5984C669J;
				INFOPLIST_FILE = Photorama/Info.plist;
				LD_RUNPATH_SEARCH_PATHS = "$(inherited) @executable_path/Frameworks";
				PRODUCT_BUNDLE_IDENTIFIER = bereit.Photorama;
				PRODUCT_NAME = "$(TARGET_NAME)";
				SWIFT_VERSION = 4.0;
				TARGETED_DEVICE_FAMILY = "1,2";
			};
			name = Debug;
		};
		7CDD10B61FF00CB9008D7466 /* Release */ = {
			isa = XCBuildConfiguration;
			buildSettings = {
				ASSETCATALOG_COMPILER_APPICON_NAME = AppIcon;
				CODE_SIGN_STYLE = Automatic;
				DEVELOPMENT_TEAM = S5984C669J;
				INFOPLIST_FILE = Photorama/Info.plist;
				LD_RUNPATH_SEARCH_PATHS = "$(inherited) @executable_path/Frameworks";
				PRODUCT_BUNDLE_IDENTIFIER = bereit.Photorama;
				PRODUCT_NAME = "$(TARGET_NAME)";
				SWIFT_VERSION = 4.0;
				TARGETED_DEVICE_FAMILY = "1,2";
			};
			name = Release;
		};
		7CDD10B81FF00CB9008D7466 /* Debug */ = {
			isa = XCBuildConfiguration;
			buildSettings = {
				ALWAYS_EMBED_SWIFT_STANDARD_LIBRARIES = YES;
				BUNDLE_LOADER = "$(TEST_HOST)";
				CODE_SIGN_STYLE = Automatic;
				DEVELOPMENT_TEAM = S5984C669J;
				INFOPLIST_FILE = PhotoramaTests/Info.plist;
				LD_RUNPATH_SEARCH_PATHS = "$(inherited) @executable_path/Frameworks @loader_path/Frameworks";
				PRODUCT_BUNDLE_IDENTIFIER = bereit.PhotoramaTests;
				PRODUCT_NAME = "$(TARGET_NAME)";
				SWIFT_VERSION = 4.0;
				TARGETED_DEVICE_FAMILY = "1,2";
				TEST_HOST = "$(BUILT_PRODUCTS_DIR)/Photorama.app/Photorama";
			};
			name = Debug;
		};
		7CDD10B91FF00CB9008D7466 /* Release */ = {
			isa = XCBuildConfiguration;
			buildSettings = {
				ALWAYS_EMBED_SWIFT_STANDARD_LIBRARIES = YES;
				BUNDLE_LOADER = "$(TEST_HOST)";
				CODE_SIGN_STYLE = Automatic;
				DEVELOPMENT_TEAM = S5984C669J;
				INFOPLIST_FILE = PhotoramaTests/Info.plist;
				LD_RUNPATH_SEARCH_PATHS = "$(inherited) @executable_path/Frameworks @loader_path/Frameworks";
				PRODUCT_BUNDLE_IDENTIFIER = bereit.PhotoramaTests;
				PRODUCT_NAME = "$(TARGET_NAME)";
				SWIFT_VERSION = 4.0;
				TARGETED_DEVICE_FAMILY = "1,2";
				TEST_HOST = "$(BUILT_PRODUCTS_DIR)/Photorama.app/Photorama";
			};
			name = Release;
		};
		7CDD10BB1FF00CB9008D7466 /* Debug */ = {
			isa = XCBuildConfiguration;
			buildSettings = {
				ALWAYS_EMBED_SWIFT_STANDARD_LIBRARIES = YES;
				CODE_SIGN_STYLE = Automatic;
				DEVELOPMENT_TEAM = S5984C669J;
				INFOPLIST_FILE = PhotoramaUITests/Info.plist;
				LD_RUNPATH_SEARCH_PATHS = "$(inherited) @executable_path/Frameworks @loader_path/Frameworks";
				PRODUCT_BUNDLE_IDENTIFIER = bereit.PhotoramaUITests;
				PRODUCT_NAME = "$(TARGET_NAME)";
				SWIFT_VERSION = 4.0;
				TARGETED_DEVICE_FAMILY = "1,2";
				TEST_TARGET_NAME = Photorama;
			};
			name = Debug;
		};
		7CDD10BC1FF00CB9008D7466 /* Release */ = {
			isa = XCBuildConfiguration;
			buildSettings = {
				ALWAYS_EMBED_SWIFT_STANDARD_LIBRARIES = YES;
				CODE_SIGN_STYLE = Automatic;
				DEVELOPMENT_TEAM = S5984C669J;
				INFOPLIST_FILE = PhotoramaUITests/Info.plist;
				LD_RUNPATH_SEARCH_PATHS = "$(inherited) @executable_path/Frameworks @loader_path/Frameworks";
				PRODUCT_BUNDLE_IDENTIFIER = bereit.PhotoramaUITests;
				PRODUCT_NAME = "$(TARGET_NAME)";
				SWIFT_VERSION = 4.0;
				TARGETED_DEVICE_FAMILY = "1,2";
				TEST_TARGET_NAME = Photorama;
			};
			name = Release;
		};
/* End XCBuildConfiguration section */

/* Begin XCConfigurationList section */
		7CDD10871FF00CB9008D7466 /* Build configuration list for PBXProject "Photorama" */ = {
			isa = XCConfigurationList;
			buildConfigurations = (
				7CDD10B21FF00CB9008D7466 /* Debug */,
				7CDD10B31FF00CB9008D7466 /* Release */,
			);
			defaultConfigurationIsVisible = 0;
			defaultConfigurationName = Release;
		};
		7CDD10B41FF00CB9008D7466 /* Build configuration list for PBXNativeTarget "Photorama" */ = {
			isa = XCConfigurationList;
			buildConfigurations = (
				7CDD10B51FF00CB9008D7466 /* Debug */,
				7CDD10B61FF00CB9008D7466 /* Release */,
			);
			defaultConfigurationIsVisible = 0;
			defaultConfigurationName = Release;
		};
		7CDD10B71FF00CB9008D7466 /* Build configuration list for PBXNativeTarget "PhotoramaTests" */ = {
			isa = XCConfigurationList;
			buildConfigurations = (
				7CDD10B81FF00CB9008D7466 /* Debug */,
				7CDD10B91FF00CB9008D7466 /* Release */,
			);
			defaultConfigurationIsVisible = 0;
			defaultConfigurationName = Release;
		};
		7CDD10BA1FF00CB9008D7466 /* Build configuration list for PBXNativeTarget "PhotoramaUITests" */ = {
			isa = XCConfigurationList;
			buildConfigurations = (
				7CDD10BB1FF00CB9008D7466 /* Debug */,
				7CDD10BC1FF00CB9008D7466 /* Release */,
			);
			defaultConfigurationIsVisible = 0;
			defaultConfigurationName = Release;
		};
/* End XCConfigurationList section */
	};
	rootObject = 7CDD10841FF00CB9008D7466 /* Project object */;
}
